
Microsoft Visual Studio Solution File, Format Version 12.00
# Visual Studio 14
VisualStudioVersion = 14.0.25420.1
MinimumVisualStudioVersion = 10.0.40219.1
Project("{FAE04EC0-301F-11D3-BF4B-00C04F79EFBC}") = "GitApp", "GitApp\GitApp.csproj", "{BA676581-C9E5-497A-AD76-4CFAB4B52AFD}"
EndProject
Project("{FAE04EC0-301F-11D3-BF4B-00C04F79EFBC}") = "GitDll", "GitDll\GitDll.csproj", "{AAE51081-7271-4E96-B7A7-6913812BB0D5}"
EndProject
Global
	GlobalSection(SolutionConfigurationPlatforms) = preSolution
		Debug|Any CPU = Debug|Any CPU
		Release|Any CPU = Release|Any CPU
	EndGlobalSection
	GlobalSection(ProjectConfigurationPlatforms) = postSolution
		{BA676581-C9E5-497A-AD76-4CFAB4B52AFD}.Debug|Any CPU.ActiveCfg = Debug|Any CPU
		{BA676581-C9E5-497A-AD76-4CFAB4B52AFD}.Debug|Any CPU.Build.0 = Debug|Any CPU
		{BA676581-C9E5-497A-AD76-4CFAB4B52AFD}.Release|Any CPU.ActiveCfg = Release|Any CPU
		{BA676581-C9E5-497A-AD76-4CFAB4B52AFD}.Release|Any CPU.Build.0 = Release|Any CPU
		{AAE51081-7271-4E96-B7A7-6913812BB0D5}.Debug|Any CPU.ActiveCfg = Debug|Any CPU
		{AAE51081-7271-4E96-B7A7-6913812BB0D5}.Debug|Any CPU.Build.0 = Debug|Any CPU
		{AAE51081-7271-4E96-B7A7-6913812BB0D5}.Release|Any CPU.ActiveCfg = Release|Any CPU
		{AAE51081-7271-4E96-B7A7-6913812BB0D5}.Release|Any CPU.Build.0 = Release|Any CPU
	EndGlobalSection
	GlobalSection(SolutionProperties) = preSolution
		HideSolutionNode = FALSE
	EndGlobalSection
EndGlobal
